<?xml version="1.0" encoding="utf-8"?>
<Project ToolsVersion="4.0" xmlns="http://schemas.microsoft.com/developer/msbuild/2003">
  <ItemGroup>
    <Filter Include="Source Files">
      <UniqueIdentifier>{4FC737F1-C7A5-4376-A066-2A32D752A2FF}</UniqueIdentifier>
      <Extensions>cpp;c;cc;cxx;def;odl;idl;hpj;bat;asm;asmx</Extensions>
    </Filter>
    <Filter Include="Header Files">
      <UniqueIdentifier>{93995380-89BD-4b04-88EB-625FBE52EBFB}</UniqueIdentifier>
      <Extensions>h;hpp;hxx;hm;inl;inc;xsd</Extensions>
    </Filter>
    <Filter Include="Resource Files">
      <UniqueIdentifier>{67DA6AB6-F800-4c08-8B7A-83BB121AAD01}</UniqueIdentifier>
      <Extensions>rc;ico;cur;bmp;dlg;rc2;rct;bin;rgs;gif;jpg;jpeg;jpe;resx;tiff;tif;png;wav;mfcribbon-ms</Extensions>
    </Filter>
    <Filter Include="Driver Files">
      <UniqueIdentifier>{8E41214B-6785-4CFE-B992-037D68949A14}</UniqueIdentifier>
      <Extensions>inf;inv;inx;mof;mc;</Extensions>
    </Filter>
  </ItemGroup>
  <ItemGroup>
    <ClInclude Include="src\extern\ia32.h">
      <Filter>Header Files</Filter>
    </ClInclude>
    <ClInclude Include="src\includes\structs\segmentation.h">
      <Filter>Header Files</Filter>
    </ClInclude>
    <ClInclude Include="src\stdafx.h">
      <Filter>Header Files</Filter>
    </ClInclude>
    <ClInclude Include="src\includes\Log.h">
      <Filter>Header Files</Filter>
    </ClInclude>
    <ClInclude Include="src\includes\structs\vmexit_structs.h">
      <Filter>Header Files</Filter>
    </ClInclude>
    <ClInclude Include="src\includes\exit_handlers.h">
      <Filter>Header Files</Filter>
    </ClInclude>
    <ClInclude Include="src\includes\structs\VmxDefinitions.h">
      <Filter>Header Files</Filter>
    </ClInclude>
    <ClInclude Include="src\includes\Memory.h">
      <Filter>Header Files</Filter>
    </ClInclude>
    <ClInclude Include="src\includes\VmxPrerequisites.h">
      <Filter>Header Files</Filter>
    </ClInclude>
    <ClInclude Include="src\includes\VmxVmcsConfig.h">
      <Filter>Header Files</Filter>
    </ClInclude>
    <ClInclude Include="src\includes\VmxVmmConfig.h">
      <Filter>Header Files</Filter>
    </ClInclude>
    <ClInclude Include="src\includes\VmxMsrConfig.h">
      <Filter>Header Files</Filter>
    </ClInclude>
    <ClInclude Include="src\includes\VmxEptControls.h">
      <Filter>Header Files</Filter>
    </ClInclude>
    <ClInclude Include="src\includes\VmxMtrrConfig.h">
      <Filter>Header Files</Filter>
    </ClInclude>
    <ClInclude Include="src\includes\VmxApicConfig.h">
      <Filter>Header Files</Filter>
    </ClInclude>
    <ClInclude Include="src\includes\VmxIsrConfig.h">
      <Filter>Header Files</Filter>
    </ClInclude>
    <ClInclude Include="src\includes\VmxOperationPacket.h">
      <Filter>Header Files</Filter>
    </ClInclude>
    <ClInclude Include="src\includes\VmxUtils.h">
      <Filter>Header Files</Filter>
    </ClInclude>
  </ItemGroup>
  <ItemGroup>
    <ClCompile Include="src\main.cpp">
      <Filter>Source Files</Filter>
    </ClCompile>
    <ClCompile Include="src\core\vmexit_handlers\main_handler.cpp">
      <Filter>Source Files</Filter>
    </ClCompile>
    <ClCompile Include="src\core\vmexit_handlers\cpuid_handler.cpp">
      <Filter>Source Files</Filter>
    </ClCompile>
    <ClCompile Include="src\core\vmexit_handlers\msr_handler.cpp">
      <Filter>Source Files</Filter>
    </ClCompile>
    <ClCompile Include="src\core\vmexit_handlers\xsetbv_handler.cpp">
      <Filter>Source Files</Filter>
    </ClCompile>
    <ClCompile Include="src\core\Log.cpp">
      <Filter>Source Files</Filter>
    </ClCompile>
    <ClCompile Include="src\core\Memory.cpp">
      <Filter>Source Files</Filter>
    </ClCompile>
    <ClCompile Include="src\stdafx.cpp">
      <Filter>Source Files</Filter>
    </ClCompile>
    <ClCompile Include="src\core\VmxPrerequisites.cpp">
      <Filter>Source Files</Filter>
    </ClCompile>
    <ClCompile Include="src\core\VmxVmcsConfig.cpp">
      <Filter>Source Files</Filter>
    </ClCompile>
    <ClCompile Include="src\core\VmxMsrConfig.cpp">
      <Filter>Source Files</Filter>
    </ClCompile>
    <ClCompile Include="src\core\VmxVmmConfig.cpp">
      <Filter>Source Files</Filter>
    </ClCompile>
    <ClCompile Include="src\core\VmxEptControls.cpp">
      <Filter>Source Files</Filter>
    </ClCompile>
    <ClCompile Include="src\core\vmexit_handlers\control_register_handler.cpp">
      <Filter>Source Files</Filter>
    </ClCompile>
    <ClCompile Include="src\core\vmexit_handlers\event_injection_handler.cpp">
      <Filter>Source Files</Filter>
    </ClCompile>
    <ClCompile Include="src\core\vmexit_handlers\vmx_generic_handler.cpp">
      <Filter>Source Files</Filter>
    </ClCompile>
    <ClCompile Include="src\core\vmexit_handlers\external_interrupt_handler.cpp">
      <Filter>Source Files</Filter>
    </ClCompile>
    <ClCompile Include="src\core\vmexit_handlers\communication_handler.cpp">
      <Filter>Source Files</Filter>
    </ClCompile>
    <ClCompile Include="src\core\vmexit_handlers\nmi_handler.cpp">
      <Filter>Source Files</Filter>
    </ClCompile>
    <ClCompile Include="src\core\VmxIsrConfig.cpp">
      <Filter>Source Files</Filter>
    </ClCompile>
    <ClCompile Include="src\core\VmxApicConfig.cpp">
      <Filter>Source Files</Filter>
    </ClCompile>
    <ClCompile Include="src\core\vmexit_handlers\ept_violation_handler.cpp">
      <Filter>Source Files</Filter>
    </ClCompile>
    <ClCompile Include="src\core\VmxUtils.cpp">
      <Filter>Source Files</Filter>
    </ClCompile>
  </ItemGroup>
  <ItemGroup>
    <MASM Include="src\core\assembly\vmxsetup.asm">
      <Filter>Source Files</Filter>
    </MASM>
    <MASM Include="src\core\assembly\vmxproc.asm">
      <Filter>Source Files</Filter>
    </MASM>
    <MASM Include="src\core\assembly\vmxisr.asm">
      <Filter>Source Files</Filter>
    </MASM>
  </ItemGroup>
</Project>